
Microsoft Visual Studio Solution File, Format Version 12.00
# Visual Studio Version 17
VisualStudioVersion = 17.6.33829.357
MinimumVisualStudioVersion = 10.0.40219.1
Project("{FAE04EC0-301F-11D3-BF4B-00C04F79EFBC}") = "The Fashion - POS System", "The Fashion - POS System.csproj", "{111F6024-0F81-4832-84BE-E967AC032629}"
EndProject
Global
	GlobalSection(SolutionConfigurationPlatforms) = preSolution
		Debug|Any CPU = Debug|Any CPU
		Release|Any CPU = Release|Any CPU
	EndGlobalSection
	GlobalSection(ProjectConfigurationPlatforms) = postSolution
		{111F6024-0F81-4832-84BE-E967AC032629}.Debug|Any CPU.ActiveCfg = Debug|Any CPU
		{111F6024-0F81-4832-84BE-E967AC032629}.Debug|Any CPU.Build.0 = Debug|Any CPU
		{111F6024-0F81-4832-84BE-E967AC032629}.Release|Any CPU.ActiveCfg = Release|Any CPU
		{111F6024-0F81-4832-84BE-E967AC032629}.Release|Any CPU.Build.0 = Release|Any CPU
	EndGlobalSection
	GlobalSection(SolutionProperties) = preSolution
		HideSolutionNode = FALSE
	EndGlobalSection
	GlobalSection(ExtensibilityGlobals) = postSolution
		SolutionGuid = {BCD2D78A-7034-473D-9A17-0597336E2A81}
	EndGlobalSection
EndGlobal
